// !$*UTF8*$!
{
	archiveVersion = 1;
	classes = {
	};
	objectVersion = 56;
	objects = {

/* Begin PBXBuildFile section */
		C143600C295ED15400B3BC25 /* yolov5m.mlmodel in Sources */ = {isa = PBXBuildFile; fileRef = C143600B295ED15400B3BC25 /* yolov5m.mlmodel */; };
		C1467BE8294AFE8700AE0A6E /* PreviewView.swift in Sources */ = {isa = PBXBuildFile; fileRef = C1467BE7294AFE8700AE0A6E /* PreviewView.swift */; };
		C14D6037294ADAA4001B0204 /* AppDelegate.swift in Sources */ = {isa = PBXBuildFile; fileRef = C14D6036294ADAA4001B0204 /* AppDelegate.swift */; };
		C14D6039294ADAA4001B0204 /* SceneDelegate.swift in Sources */ = {isa = PBXBuildFile; fileRef = C14D6038294ADAA4001B0204 /* SceneDelegate.swift */; };
		C14D603B294ADAA4001B0204 /* CameraViewController.swift in Sources */ = {isa = PBXBuildFile; fileRef = C14D603A294ADAA4001B0204 /* CameraViewController.swift */; };
		C14D603E294ADAA4001B0204 /* Main.storyboard in Resources */ = {isa = PBXBuildFile; fileRef = C14D603C294ADAA4001B0204 /* Main.storyboard */; };
		C14D6040294ADAA6001B0204 /* Assets.xcassets in Resources */ = {isa = PBXBuildFile; fileRef = C14D603F294ADAA6001B0204 /* Assets.xcassets */; };
		C14D6043294ADAA6001B0204 /* LaunchScreen.storyboard in Resources */ = {isa = PBXBuildFile; fileRef = C14D6041294ADAA6001B0204 /* LaunchScreen.storyboard */; };
		C14D604E294ADAA6001B0204 /* PickUpTests.swift in Sources */ = {isa = PBXBuildFile; fileRef = C14D604D294ADAA6001B0204 /* PickUpTests.swift */; };
		C14D6058294ADAA6001B0204 /* PickUpUITests.swift in Sources */ = {isa = PBXBuildFile; fileRef = C14D6057294ADAA6001B0204 /* PickUpUITests.swift */; };
		C14D605A294ADAA6001B0204 /* PickUpUITestsLaunchTests.swift in Sources */ = {isa = PBXBuildFile; fileRef = C14D6059294ADAA6001B0204 /* PickUpUITestsLaunchTests.swift */; };
		C16203C4295C83F50013907D /* DogBarkingTwice.mp3 in Resources */ = {isa = PBXBuildFile; fileRef = C16203C3295C83F50013907D /* DogBarkingTwice.mp3 */; };
/* End PBXBuildFile section */

/* Begin PBXContainerItemProxy section */
		C14D604A294ADAA6001B0204 /* PBXContainerItemProxy */ = {
			isa = PBXContainerItemProxy;
			containerPortal = C14D602B294ADAA4001B0204 /* Project object */;
			proxyType = 1;
			remoteGlobalIDString = C14D6032294ADAA4001B0204;
			remoteInfo = PickUp;
		};
		C14D6054294ADAA6001B0204 /* PBXContainerItemProxy */ = {
			isa = PBXContainerItemProxy;
			containerPortal = C14D602B294ADAA4001B0204 /* Project object */;
			proxyType = 1;
			remoteGlobalIDString = C14D6032294ADAA4001B0204;
			remoteInfo = PickUp;
		};
/* End PBXContainerItemProxy section */

/* Begin PBXFileReference section */
		C143600B295ED15400B3BC25 /* yolov5m.mlmodel */ = {isa = PBXFileReference; lastKnownFileType = file.mlmodel; path = yolov5m.mlmodel; sourceTree = "<group>"; };
		C1467BE7294AFE8700AE0A6E /* PreviewView.swift */ = {isa = PBXFileReference; lastKnownFileType = sourcecode.swift; path = PreviewView.swift; sourceTree = "<group>"; };
		C14D6033294ADAA4001B0204 /* PickUp.app */ = {isa = PBXFileReference; explicitFileType = wrapper.application; includeInIndex = 0; path = PickUp.app; sourceTree = BUILT_PRODUCTS_DIR; };
		C14D6036294ADAA4001B0204 /* AppDelegate.swift */ = {isa = PBXFileReference; lastKnownFileType = sourcecode.swift; path = AppDelegate.swift; sourceTree = "<group>"; };
		C14D6038294ADAA4001B0204 /* SceneDelegate.swift */ = {isa = PBXFileReference; lastKnownFileType = sourcecode.swift; path = SceneDelegate.swift; sourceTree = "<group>"; };
		C14D603A294ADAA4001B0204 /* CameraViewController.swift */ = {isa = PBXFileReference; lastKnownFileType = sourcecode.swift; path = CameraViewController.swift; sourceTree = "<group>"; };
		C14D603D294ADAA4001B0204 /* Base */ = {isa = PBXFileReference; lastKnownFileType = file.storyboard; name = Base; path = Base.lproj/Main.storyboard; sourceTree = "<group>"; };
		C14D603F294ADAA6001B0204 /* Assets.xcassets */ = {isa = PBXFileReference; lastKnownFileType = folder.assetcatalog; path = Assets.xcassets; sourceTree = "<group>"; };
		C14D6042294ADAA6001B0204 /* Base */ = {isa = PBXFileReference; lastKnownFileType = file.storyboard; name = Base; path = Base.lproj/LaunchScreen.storyboard; sourceTree = "<group>"; };
		C14D6044294ADAA6001B0204 /* Info.plist */ = {isa = PBXFileReference; lastKnownFileType = text.plist.xml; path = Info.plist; sourceTree = "<group>"; };
		C14D6049294ADAA6001B0204 /* PickUpTests.xctest */ = {isa = PBXFileReference; explicitFileType = wrapper.cfbundle; includeInIndex = 0; path = PickUpTests.xctest; sourceTree = BUILT_PRODUCTS_DIR; };
		C14D604D294ADAA6001B0204 /* PickUpTests.swift */ = {isa = PBXFileReference; lastKnownFileType = sourcecode.swift; path = PickUpTests.swift; sourceTree = "<group>"; };
		C14D6053294ADAA6001B0204 /* PickUpUITests.xctest */ = {isa = PBXFileReference; explicitFileType = wrapper.cfbundle; includeInIndex = 0; path = PickUpUITests.xctest; sourceTree = BUILT_PRODUCTS_DIR; };
		C14D6057294ADAA6001B0204 /* PickUpUITests.swift */ = {isa = PBXFileReference; lastKnownFileType = sourcecode.swift; path = PickUpUITests.swift; sourceTree = "<group>"; };
		C14D6059294ADAA6001B0204 /* PickUpUITestsLaunchTests.swift */ = {isa = PBXFileReference; lastKnownFileType = sourcecode.swift; path = PickUpUITestsLaunchTests.swift; sourceTree = "<group>"; };
		C16203C3295C83F50013907D /* DogBarkingTwice.mp3 */ = {isa = PBXFileReference; lastKnownFileType = audio.mp3; path = DogBarkingTwice.mp3; sourceTree = "<group>"; };
/* End PBXFileReference section */

/* Begin PBXFrameworksBuildPhase section */
		C14D6030294ADAA4001B0204 /* Frameworks */ = {
			isa = PBXFrameworksBuildPhase;
			buildActionMask = 2147483647;
			files = (
			);
			runOnlyForDeploymentPostprocessing = 0;
		};
		C14D6046294ADAA6001B0204 /* Frameworks */ = {
			isa = PBXFrameworksBuildPhase;
			buildActionMask = 2147483647;
			files = (
			);
			runOnlyForDeploymentPostprocessing = 0;
		};
		C14D6050294ADAA6001B0204 /* Frameworks */ = {
			isa = PBXFrameworksBuildPhase;
			buildActionMask = 2147483647;
			files = (
			);
			runOnlyForDeploymentPostprocessing = 0;
		};
/* End PBXFrameworksBuildPhase section */

/* Begin PBXGroup section */
		C14D602A294ADAA4001B0204 = {
			isa = PBXGroup;
			children = (
				C14D6035294ADAA4001B0204 /* PickUp */,
				C14D604C294ADAA6001B0204 /* PickUpTests */,
				C14D6056294ADAA6001B0204 /* PickUpUITests */,
				C14D6034294ADAA4001B0204 /* Products */,
			);
			sourceTree = "<group>";
		};
		C14D6034294ADAA4001B0204 /* Products */ = {
			isa = PBXGroup;
			children = (
				C14D6033294ADAA4001B0204 /* PickUp.app */,
				C14D6049294ADAA6001B0204 /* PickUpTests.xctest */,
				C14D6053294ADAA6001B0204 /* PickUpUITests.xctest */,
			);
			name = Products;
			sourceTree = "<group>";
		};
		C14D6035294ADAA4001B0204 /* PickUp */ = {
			isa = PBXGroup;
			children = (
				C16203C3295C83F50013907D /* DogBarkingTwice.mp3 */,
				C14D6036294ADAA4001B0204 /* AppDelegate.swift */,
				C14D6038294ADAA4001B0204 /* SceneDelegate.swift */,
				C1467BE7294AFE8700AE0A6E /* PreviewView.swift */,
				C14D603A294ADAA4001B0204 /* CameraViewController.swift */,
				C14D603C294ADAA4001B0204 /* Main.storyboard */,
				C143600B295ED15400B3BC25 /* yolov5m.mlmodel */,
				C14D603F294ADAA6001B0204 /* Assets.xcassets */,
				C14D6041294ADAA6001B0204 /* LaunchScreen.storyboard */,
				C14D6044294ADAA6001B0204 /* Info.plist */,
			);
			path = PickUp;
			sourceTree = "<group>";
		};
		C14D604C294ADAA6001B0204 /* PickUpTests */ = {
			isa = PBXGroup;
			children = (
				C14D604D294ADAA6001B0204 /* PickUpTests.swift */,
			);
			path = PickUpTests;
			sourceTree = "<group>";
		};
		C14D6056294ADAA6001B0204 /* PickUpUITests */ = {
			isa = PBXGroup;
			children = (
				C14D6057294ADAA6001B0204 /* PickUpUITests.swift */,
				C14D6059294ADAA6001B0204 /* PickUpUITestsLaunchTests.swift */,
			);
			path = PickUpUITests;
			sourceTree = "<group>";
		};
/* End PBXGroup section */

/* Begin PBXNativeTarget section */
		C14D6032294ADAA4001B0204 /* PickUp */ = {
			isa = PBXNativeTarget;
			buildConfigurationList = C14D605D294ADAA6001B0204 /* Build configuration list for PBXNativeTarget "PickUp" */;
			buildPhases = (
				C14D602F294ADAA4001B0204 /* Sources */,
				C14D6030294ADAA4001B0204 /* Frameworks */,
				C14D6031294ADAA4001B0204 /* Resources */,
			);
			buildRules = (
			);
			dependencies = (
			);
			name = PickUp;
			productName = PickUp;
			productReference = C14D6033294ADAA4001B0204 /* PickUp.app */;
			productType = "com.apple.product-type.application";
		};
		C14D6048294ADAA6001B0204 /* PickUpTests */ = {
			isa = PBXNativeTarget;
			buildConfigurationList = C14D6060294ADAA6001B0204 /* Build configuration list for PBXNativeTarget "PickUpTests" */;
			buildPhases = (
				C14D6045294ADAA6001B0204 /* Sources */,
				C14D6046294ADAA6001B0204 /* Frameworks */,
				C14D6047294ADAA6001B0204 /* Resources */,
			);
			buildRules = (
			);
			dependencies = (
				C14D604B294ADAA6001B0204 /* PBXTargetDependency */,
			);
			name = PickUpTests;
			productName = PickUpTests;
			productReference = C14D6049294ADAA6001B0204 /* PickUpTests.xctest */;
			productType = "com.apple.product-type.bundle.unit-test";
		};
		C14D6052294ADAA6001B0204 /* PickUpUITests */ = {
			isa = PBXNativeTarget;
			buildConfigurationList = C14D6063294ADAA6001B0204 /* Build configuration list for PBXNativeTarget "PickUpUITests" */;
			buildPhases = (
				C14D604F294ADAA6001B0204 /* Sources */,
				C14D6050294ADAA6001B0204 /* Frameworks */,
				C14D6051294ADAA6001B0204 /* Resources */,
			);
			buildRules = (
			);
			dependencies = (
				C14D6055294ADAA6001B0204 /* PBXTargetDependency */,
			);
			name = PickUpUITests;
			productName = PickUpUITests;
			productReference = C14D6053294ADAA6001B0204 /* PickUpUITests.xctest */;
			productType = "com.apple.product-type.bundle.ui-testing";
		};
/* End PBXNativeTarget section */

/* Begin PBXProject section */
		C14D602B294ADAA4001B0204 /* Project object */ = {
			isa = PBXProject;
			attributes = {
				BuildIndependentTargetsInParallel = 1;
				LastSwiftUpdateCheck = 1410;
				LastUpgradeCheck = 1410;
				TargetAttributes = {
					C14D6032294ADAA4001B0204 = {
						CreatedOnToolsVersion = 14.1;
					};
					C14D6048294ADAA6001B0204 = {
						CreatedOnToolsVersion = 14.1;
						TestTargetID = C14D6032294ADAA4001B0204;
					};
					C14D6052294ADAA6001B0204 = {
						CreatedOnToolsVersion = 14.1;
						TestTargetID = C14D6032294ADAA4001B0204;
					};
				};
			};
			buildConfigurationList = C14D602E294ADAA4001B0204 /* Build configuration list for PBXProject "PickUp" */;
			compatibilityVersion = "Xcode 14.0";
			developmentRegion = en;
			hasScannedForEncodings = 0;
			knownRegions = (
				en,
				Base,
			);
			mainGroup = C14D602A294ADAA4001B0204;
			productRefGroup = C14D6034294ADAA4001B0204 /* Products */;
			projectDirPath = "";
			projectRoot = "";
			targets = (
				C14D6032294ADAA4001B0204 /* PickUp */,
				C14D6048294ADAA6001B0204 /* PickUpTests */,
				C14D6052294ADAA6001B0204 /* PickUpUITests */,
			);
		};
/* End PBXProject section */

/* Begin PBXResourcesBuildPhase section */
		C14D6031294ADAA4001B0204 /* Resources */ = {
			isa = PBXResourcesBuildPhase;
			buildActionMask = 2147483647;
			files = (
				C14D6043294ADAA6001B0204 /* LaunchScreen.storyboard in Resources */,
				C16203C4295C83F50013907D /* DogBarkingTwice.mp3 in Resources */,
				C14D6040294ADAA6001B0204 /* Assets.xcassets in Resources */,
				C14D603E294ADAA4001B0204 /* Main.storyboard in Resources */,
			);
			runOnlyForDeploymentPostprocessing = 0;
		};
		C14D6047294ADAA6001B0204 /* Resources */ = {
			isa = PBXResourcesBuildPhase;
			buildActionMask = 2147483647;
			files = (
			);
			runOnlyForDeploymentPostprocessing = 0;
		};
		C14D6051294ADAA6001B0204 /* Resources */ = {
			isa = PBXResourcesBuildPhase;
			buildActionMask = 2147483647;
			files = (
			);
			runOnlyForDeploymentPostprocessing = 0;
		};
/* End PBXResourcesBuildPhase section */

/* Begin PBXSourcesBuildPhase section */
		C14D602F294ADAA4001B0204 /* Sources */ = {
			isa = PBXSourcesBuildPhase;
			buildActionMask = 2147483647;
			files = (
				C14D603B294ADAA4001B0204 /* CameraViewController.swift in Sources */,
				C1467BE8294AFE8700AE0A6E /* PreviewView.swift in Sources */,
				C143600C295ED15400B3BC25 /* yolov5m.mlmodel in Sources */,
				C14D6037294ADAA4001B0204 /* AppDelegate.swift in Sources */,
				C14D6039294ADAA4001B0204 /* SceneDelegate.swift in Sources */,
			);
			runOnlyForDeploymentPostprocessing = 0;
		};
		C14D6045294ADAA6001B0204 /* Sources */ = {
			isa = PBXSourcesBuildPhase;
			buildActionMask = 2147483647;
			files = (
				C14D604E294ADAA6001B0204 /* PickUpTests.swift in Sources */,
			);
			runOnlyForDeploymentPostprocessing = 0;
		};
		C14D604F294ADAA6001B0204 /* Sources */ = {
			isa = PBXSourcesBuildPhase;
			buildActionMask = 2147483647;
			files = (
				C14D605A294ADAA6001B0204 /* PickUpUITestsLaunchTests.swift in Sources */,
				C14D6058294ADAA6001B0204 /* PickUpUITests.swift in Sources */,
			);
			runOnlyForDeploymentPostprocessing = 0;
		};
/* End PBXSourcesBuildPhase section */

/* Begin PBXTargetDependency section */
		C14D604B294ADAA6001B0204 /* PBXTargetDependency */ = {
			isa = PBXTargetDependency;
			target = C14D6032294ADAA4001B0204 /* PickUp */;
			targetProxy = C14D604A294ADAA6001B0204 /* PBXContainerItemProxy */;
		};
		C14D6055294ADAA6001B0204 /* PBXTargetDependency */ = {
			isa = PBXTargetDependency;
			target = C14D6032294ADAA4001B0204 /* PickUp */;
			targetProxy = C14D6054294ADAA6001B0204 /* PBXContainerItemProxy */;
		};
/* End PBXTargetDependency section */

/* Begin PBXVariantGroup section */
		C14D603C294ADAA4001B0204 /* Main.storyboard */ = {
			isa = PBXVariantGroup;
			children = (
				C14D603D294ADAA4001B0204 /* Base */,
			);
			name = Main.storyboard;
			sourceTree = "<group>";
		};
		C14D6041294ADAA6001B0204 /* LaunchScreen.storyboard */ = {
			isa = PBXVariantGroup;
			children = (
				C14D6042294ADAA6001B0204 /* Base */,
			);
			name = LaunchScreen.storyboard;
			sourceTree = "<group>";
		};
/* End PBXVariantGroup section */

/* Begin XCBuildConfiguration section */
		C14D605B294ADAA6001B0204 /* Debug */ = {
			isa = XCBuildConfiguration;
			buildSettings = {
				ALWAYS_SEARCH_USER_PATHS = NO;
				CLANG_ANALYZER_NONNULL = YES;
				CLANG_ANALYZER_NUMBER_OBJECT_CONVERSION = YES_AGGRESSIVE;
				CLANG_CXX_LANGUAGE_STANDARD = "gnu++20";
				CLANG_ENABLE_MODULES = YES;
				CLANG_ENABLE_OBJC_ARC = YES;
				CLANG_ENABLE_OBJC_WEAK = YES;
				CLANG_WARN_BLOCK_CAPTURE_AUTORELEASING = YES;
				CLANG_WARN_BOOL_CONVERSION = YES;
				CLANG_WARN_COMMA = YES;
				CLANG_WARN_CONSTANT_CONVERSION = YES;
				CLANG_WARN_DEPRECATED_OBJC_IMPLEMENTATIONS = YES;
				CLANG_WARN_DIRECT_OBJC_ISA_USAGE = YES_ERROR;
				CLANG_WARN_DOCUMENTATION_COMMENTS = YES;
				CLANG_WARN_EMPTY_BODY = YES;
				CLANG_WARN_ENUM_CONVERSION = YES;
				CLANG_WARN_INFINITE_RECURSION = YES;
				CLANG_WARN_INT_CONVERSION = YES;
				CLANG_WARN_NON_LITERAL_NULL_CONVERSION = YES;
				CLANG_WARN_OBJC_IMPLICIT_RETAIN_SELF = YES;
				CLANG_WARN_OBJC_LITERAL_CONVERSION = YES;
				CLANG_WARN_OBJC_ROOT_CLASS = YES_ERROR;
				CLANG_WARN_QUOTED_INCLUDE_IN_FRAMEWORK_HEADER = YES;
				CLANG_WARN_RANGE_LOOP_ANALYSIS = YES;
				CLANG_WARN_STRICT_PROTOTYPES = YES;
				CLANG_WARN_SUSPICIOUS_MOVE = YES;
				CLANG_WARN_UNGUARDED_AVAILABILITY = YES_AGGRESSIVE;
				CLANG_WARN_UNREACHABLE_CODE = YES;
				CLANG_WARN__DUPLICATE_METHOD_MATCH = YES;
				COPY_PHASE_STRIP = NO;
				DEBUG_INFORMATION_FORMAT = dwarf;
				ENABLE_STRICT_OBJC_MSGSEND = YES;
				ENABLE_TESTABILITY = YES;
				GCC_C_LANGUAGE_STANDARD = gnu11;
				GCC_DYNAMIC_NO_PIC = NO;
				GCC_NO_COMMON_BLOCKS = YES;
				GCC_OPTIMIZATION_LEVEL = 0;
				GCC_PREPROCESSOR_DEFINITIONS = (
					"DEBUG=1",
					"$(inherited)",
				);
				GCC_WARN_64_TO_32_BIT_CONVERSION = YES;
				GCC_WARN_ABOUT_RETURN_TYPE = YES_ERROR;
				GCC_WARN_UNDECLARED_SELECTOR = YES;
				GCC_WARN_UNINITIALIZED_AUTOS = YES_AGGRESSIVE;
				GCC_WARN_UNUSED_FUNCTION = YES;
				GCC_WARN_UNUSED_VARIABLE = YES;
				IPHONEOS_DEPLOYMENT_TARGET = 16.1;
				MTL_ENABLE_DEBUG_INFO = INCLUDE_SOURCE;
				MTL_FAST_MATH = YES;
				ONLY_ACTIVE_ARCH = YES;
				SDKROOT = iphoneos;
				SWIFT_ACTIVE_COMPILATION_CONDITIONS = DEBUG;
				SWIFT_OPTIMIZATION_LEVEL = "-Onone";
			};
			name = Debug;
		};
		C14D605C294ADAA6001B0204 /* Release */ = {
			isa = XCBuildConfiguration;
			buildSettings = {
				ALWAYS_SEARCH_USER_PATHS = NO;
				CLANG_ANALYZER_NONNULL = YES;
				CLANG_ANALYZER_NUMBER_OBJECT_CONVERSION = YES_AGGRESSIVE;
				CLANG_CXX_LANGUAGE_STANDARD = "gnu++20";
				CLANG_ENABLE_MODULES = YES;
				CLANG_ENABLE_OBJC_ARC = YES;
				CLANG_ENABLE_OBJC_WEAK = YES;
				CLANG_WARN_BLOCK_CAPTURE_AUTORELEASING = YES;
				CLANG_WARN_BOOL_CONVERSION = YES;
				CLANG_WARN_COMMA = YES;
				CLANG_WARN_CONSTANT_CONVERSION = YES;
				CLANG_WARN_DEPRECATED_OBJC_IMPLEMENTATIONS = YES;
				CLANG_WARN_DIRECT_OBJC_ISA_USAGE = YES_ERROR;
				CLANG_WARN_DOCUMENTATION_COMMENTS = YES;
				CLANG_WARN_EMPTY_BODY = YES;
				CLANG_WARN_ENUM_CONVERSION = YES;
				CLANG_WARN_INFINITE_RECURSION = YES;
				CLANG_WARN_INT_CONVERSION = YES;
				CLANG_WARN_NON_LITERAL_NULL_CONVERSION = YES;
				CLANG_WARN_OBJC_IMPLICIT_RETAIN_SELF = YES;
				CLANG_WARN_OBJC_LITERAL_CONVERSION = YES;
				CLANG_WARN_OBJC_ROOT_CLASS = YES_ERROR;
				CLANG_WARN_QUOTED_INCLUDE_IN_FRAMEWORK_HEADER = YES;
				CLANG_WARN_RANGE_LOOP_ANALYSIS = YES;
				CLANG_WARN_STRICT_PROTOTYPES = YES;
				CLANG_WARN_SUSPICIOUS_MOVE = YES;
				CLANG_WARN_UNGUARDED_AVAILABILITY = YES_AGGRESSIVE;
				CLANG_WARN_UNREACHABLE_CODE = YES;
				CLANG_WARN__DUPLICATE_METHOD_MATCH = YES;
				COPY_PHASE_STRIP = NO;
				DEBUG_INFORMATION_FORMAT = "dwarf-with-dsym";
				ENABLE_NS_ASSERTIONS = NO;
				ENABLE_STRICT_OBJC_MSGSEND = YES;
				GCC_C_LANGUAGE_STANDARD = gnu11;
				GCC_NO_COMMON_BLOCKS = YES;
				GCC_WARN_64_TO_32_BIT_CONVERSION = YES;
				GCC_WARN_ABOUT_RETURN_TYPE = YES_ERROR;
				GCC_WARN_UNDECLARED_SELECTOR = YES;
				GCC_WARN_UNINITIALIZED_AUTOS = YES_AGGRESSIVE;
				GCC_WARN_UNUSED_FUNCTION = YES;
				GCC_WARN_UNUSED_VARIABLE = YES;
				IPHONEOS_DEPLOYMENT_TARGET = 16.1;
				MTL_ENABLE_DEBUG_INFO = NO;
				MTL_FAST_MATH = YES;
				SDKROOT = iphoneos;
				SWIFT_COMPILATION_MODE = wholemodule;
				SWIFT_OPTIMIZATION_LEVEL = "-O";
				VALIDATE_PRODUCT = YES;
			};
			name = Release;
		};
		C14D605E294ADAA6001B0204 /* Debug */ = {
			isa = XCBuildConfiguration;
			buildSettings = {
				ASSETCATALOG_COMPILER_APPICON_NAME = AppIcon;
				ASSETCATALOG_COMPILER_GLOBAL_ACCENT_COLOR_NAME = AccentColor;
				ASSETCATALOG_COMPILER_INCLUDE_ALL_APPICON_ASSETS = NO;
				CODE_SIGN_STYLE = Automatic;
				CURRENT_PROJECT_VERSION = 1;
				DEVELOPMENT_TEAM = AV4H844LGN;
				GENERATE_INFOPLIST_FILE = YES;
				INFOPLIST_FILE = PickUp/Info.plist;
				INFOPLIST_KEY_NSCameraUsageDescription = "";
				INFOPLIST_KEY_NSMicrophoneUsageDescription = "";
				INFOPLIST_KEY_NSPhotoLibraryUsageDescription = "";
				INFOPLIST_KEY_UIApplicationSupportsIndirectInputEvents = YES;
				INFOPLIST_KEY_UILaunchStoryboardName = LaunchScreen;
				INFOPLIST_KEY_UIMainStoryboardFile = Main;
				INFOPLIST_KEY_UIStatusBarHidden = NO;
				INFOPLIST_KEY_UISupportedInterfaceOrientations = UIInterfaceOrientationPortrait;
				INFOPLIST_KEY_UISupportedInterfaceOrientations_iPad = "UIInterfaceOrientationLandscapeLeft UIInterfaceOrientationLandscapeRight";
				IPHONEOS_DEPLOYMENT_TARGET = 15.0;
				LD_RUNPATH_SEARCH_PATHS = (
					"$(inherited)",
					"@executable_path/Frameworks",
				);
				MARKETING_VERSION = 1.0;
				PRODUCT_BUNDLE_IDENTIFIER = com.walker91754.PickUp;
				PRODUCT_NAME = "$(TARGET_NAME)";
				SUPPORTED_PLATFORMS = "iphoneos iphonesimulator";
				SUPPORTS_MACCATALYST = NO;
				SUPPORTS_MAC_DESIGNED_FOR_IPHONE_IPAD = NO;
				SWIFT_EMIT_LOC_STRINGS = YES;
				SWIFT_VERSION = 5.0;
				TARGETED_DEVICE_FAMILY = 1;
			};
			name = Debug;
		};
		C14D605F294ADAA6001B0204 /* Release */ = {
			isa = XCBuildConfiguration;
			buildSettings = {
				ASSETCATALOG_COMPILER_APPICON_NAME = AppIcon;
				ASSETCATALOG_COMPILER_GLOBAL_ACCENT_COLOR_NAME = AccentColor;
				ASSETCATALOG_COMPILER_INCLUDE_ALL_APPICON_ASSETS = NO;
				CODE_SIGN_STYLE = Automatic;
				CURRENT_PROJECT_VERSION = 1;
				DEVELOPMENT_TEAM = AV4H844LGN;
				GENERATE_INFOPLIST_FILE = YES;
				INFOPLIST_FILE = PickUp/Info.plist;
				INFOPLIST_KEY_NSCameraUsageDescription = "";
				INFOPLIST_KEY_NSMicrophoneUsageDescription = "";
				INFOPLIST_KEY_NSPhotoLibraryUsageDescription = "";
				INFOPLIST_KEY_UIApplicationSupportsIndirectInputEvents = YES;
				INFOPLIST_KEY_UILaunchStoryboardName = LaunchScreen;
				INFOPLIST_KEY_UIMainStoryboardFile = Main;
				INFOPLIST_KEY_UIStatusBarHidden = NO;
				INFOPLIST_KEY_UISupportedInterfaceOrientations = UIInterfaceOrientationPortrait;
				INFOPLIST_KEY_UISupportedInterfaceOrientations_iPad = "UIInterfaceOrientationLandscapeLeft UIInterfaceOrientationLandscapeRight";
				IPHONEOS_DEPLOYMENT_TARGET = 15.0;
				LD_RUNPATH_SEARCH_PATHS = (
					"$(inherited)",
					"@executable_path/Frameworks",
				);
				MARKETING_VERSION = 1.0;
				PRODUCT_BUNDLE_IDENTIFIER = com.walker91754.PickUp;
				PRODUCT_NAME = "$(TARGET_NAME)";
				SUPPORTED_PLATFORMS = "iphoneos iphonesimulator";
				SUPPORTS_MACCATALYST = NO;
				SUPPORTS_MAC_DESIGNED_FOR_IPHONE_IPAD = NO;
				SWIFT_EMIT_LOC_STRINGS = YES;
				SWIFT_VERSION = 5.0;
				TARGETED_DEVICE_FAMILY = 1;
			};
			name = Release;
		};
		C14D6061294ADAA6001B0204 /* Debug */ = {
			isa = XCBuildConfiguration;
			buildSettings = {
				ALWAYS_EMBED_SWIFT_STANDARD_LIBRARIES = YES;
				BUNDLE_LOADER = "$(TEST_HOST)";
				CODE_SIGN_STYLE = Automatic;
				CURRENT_PROJECT_VERSION = 1;
				DEVELOPMENT_TEAM = AV4H844LGN;
				GENERATE_INFOPLIST_FILE = YES;
				IPHONEOS_DEPLOYMENT_TARGET = 16.1;
				MARKETING_VERSION = 1.0;
				PRODUCT_BUNDLE_IDENTIFIER = com.walker91754.PickUpTests;
				PRODUCT_NAME = "$(TARGET_NAME)";
				SWIFT_EMIT_LOC_STRINGS = NO;
				SWIFT_VERSION = 5.0;
				TARGETED_DEVICE_FAMILY = "1,2";
				TEST_HOST = "$(BUILT_PRODUCTS_DIR)/PickUp.app/$(BUNDLE_EXECUTABLE_FOLDER_PATH)/PickUp";
			};
			name = Debug;
		};
		C14D6062294ADAA6001B0204 /* Release */ = {
			isa = XCBuildConfiguration;
			buildSettings = {
				ALWAYS_EMBED_SWIFT_STANDARD_LIBRARIES = YES;
				BUNDLE_LOADER = "$(TEST_HOST)";
				CODE_SIGN_STYLE = Automatic;
				CURRENT_PROJECT_VERSION = 1;
				DEVELOPMENT_TEAM = AV4H844LGN;
				GENERATE_INFOPLIST_FILE = YES;
				IPHONEOS_DEPLOYMENT_TARGET = 16.1;
				MARKETING_VERSION = 1.0;
				PRODUCT_BUNDLE_IDENTIFIER = com.walker91754.PickUpTests;
				PRODUCT_NAME = "$(TARGET_NAME)";
				SWIFT_EMIT_LOC_STRINGS = NO;
				SWIFT_VERSION = 5.0;
				TARGETED_DEVICE_FAMILY = "1,2";
				TEST_HOST = "$(BUILT_PRODUCTS_DIR)/PickUp.app/$(BUNDLE_EXECUTABLE_FOLDER_PATH)/PickUp";
			};
			name = Release;
		};
		C14D6064294ADAA6001B0204 /* Debug */ = {
			isa = XCBuildConfiguration;
			buildSettings = {
				ALWAYS_EMBED_SWIFT_STANDARD_LIBRARIES = YES;
				CODE_SIGN_STYLE = Automatic;
				CURRENT_PROJECT_VERSION = 1;
				DEVELOPMENT_TEAM = AV4H844LGN;
				GENERATE_INFOPLIST_FILE = YES;
				MARKETING_VERSION = 1.0;
				PRODUCT_BUNDLE_IDENTIFIER = com.walker91754.PickUpUITests;
				PRODUCT_NAME = "$(TARGET_NAME)";
				SWIFT_EMIT_LOC_STRINGS = NO;
				SWIFT_VERSION = 5.0;
				TARGETED_DEVICE_FAMILY = "1,2";
				TEST_TARGET_NAME = PickUp;
			};
			name = Debug;
		};
		C14D6065294ADAA6001B0204 /* Release */ = {
			isa = XCBuildConfiguration;
			buildSettings = {
				ALWAYS_EMBED_SWIFT_STANDARD_LIBRARIES = YES;
				CODE_SIGN_STYLE = Automatic;
				CURRENT_PROJECT_VERSION = 1;
				DEVELOPMENT_TEAM = AV4H844LGN;
				GENERATE_INFOPLIST_FILE = YES;
				MARKETING_VERSION = 1.0;
				PRODUCT_BUNDLE_IDENTIFIER = com.walker91754.PickUpUITests;
				PRODUCT_NAME = "$(TARGET_NAME)";
				SWIFT_EMIT_LOC_STRINGS = NO;
				SWIFT_VERSION = 5.0;
				TARGETED_DEVICE_FAMILY = "1,2";
				TEST_TARGET_NAME = PickUp;
			};
			name = Release;
		};
/* End XCBuildConfiguration section */

/* Begin XCConfigurationList section */
		C14D602E294ADAA4001B0204 /* Build configuration list for PBXProject "PickUp" */ = {
			isa = XCConfigurationList;
			buildConfigurations = (
				C14D605B294ADAA6001B0204 /* Debug */,
				C14D605C294ADAA6001B0204 /* Release */,
			);
			defaultConfigurationIsVisible = 0;
			defaultConfigurationName = Release;
		};
		C14D605D294ADAA6001B0204 /* Build configuration list for PBXNativeTarget "PickUp" */ = {
			isa = XCConfigurationList;
			buildConfigurations = (
				C14D605E294ADAA6001B0204 /* Debug */,
				C14D605F294ADAA6001B0204 /* Release */,
			);
			defaultConfigurationIsVisible = 0;
			defaultConfigurationName = Release;
		};
		C14D6060294ADAA6001B0204 /* Build configuration list for PBXNativeTarget "PickUpTests" */ = {
			isa = XCConfigurationList;
			buildConfigurations = (
				C14D6061294ADAA6001B0204 /* Debug */,
				C14D6062294ADAA6001B0204 /* Release */,
			);
			defaultConfigurationIsVisible = 0;
			defaultConfigurationName = Release;
		};
		C14D6063294ADAA6001B0204 /* Build configuration list for PBXNativeTarget "PickUpUITests" */ = {
			isa = XCConfigurationList;
			buildConfigurations = (
				C14D6064294ADAA6001B0204 /* Debug */,
				C14D6065294ADAA6001B0204 /* Release */,
			);
			defaultConfigurationIsVisible = 0;
			defaultConfigurationName = Release;
		};
/* End XCConfigurationList section */
	};
	rootObject = C14D602B294ADAA4001B0204 /* Project object */;
}
